// !$*UTF8*$!
{
	archiveVersion = 1;
	classes = {
	};
	objectVersion = 55;
	objects = {

/* Begin PBXBuildFile section */
		043BF0B827C8EE6200F3377E /* AppDelegate.swift in Sources */ = {isa = PBXBuildFile; fileRef = 043BF0B727C8EE6200F3377E /* AppDelegate.swift */; };
		043BF0BA27C8EE6200F3377E /* SceneDelegate.swift in Sources */ = {isa = PBXBuildFile; fileRef = 043BF0B927C8EE6200F3377E /* SceneDelegate.swift */; };
		043BF0BF27C8EE6200F3377E /* Main.storyboard in Resources */ = {isa = PBXBuildFile; fileRef = 043BF0BD27C8EE6200F3377E /* Main.storyboard */; };
		043BF0C127C8EE6400F3377E /* Assets.xcassets in Resources */ = {isa = PBXBuildFile; fileRef = 043BF0C027C8EE6400F3377E /* Assets.xcassets */; };
		043BF0C427C8EE6400F3377E /* LaunchScreen.storyboard in Resources */ = {isa = PBXBuildFile; fileRef = 043BF0C227C8EE6400F3377E /* LaunchScreen.storyboard */; };
		043BF0CF27C8EE6400F3377E /* PhotoSearchGallaryTests.swift in Sources */ = {isa = PBXBuildFile; fileRef = 043BF0CE27C8EE6400F3377E /* PhotoSearchGallaryTests.swift */; };
		043BF0D927C8EE6400F3377E /* PhotoSearchGallaryUITests.swift in Sources */ = {isa = PBXBuildFile; fileRef = 043BF0D827C8EE6400F3377E /* PhotoSearchGallaryUITests.swift */; };
		043BF0DB27C8EE6400F3377E /* PhotoSearchGallaryUITestsLaunchTests.swift in Sources */ = {isa = PBXBuildFile; fileRef = 043BF0DA27C8EE6400F3377E /* PhotoSearchGallaryUITestsLaunchTests.swift */; };
		043BF0EC27C8EF5F00F3377E /* PhotoSearchViewController.swift in Sources */ = {isa = PBXBuildFile; fileRef = 043BF0EB27C8EF5F00F3377E /* PhotoSearchViewController.swift */; };
		043BF0EE27C8F07400F3377E /* UITextField+Extension.swift in Sources */ = {isa = PBXBuildFile; fileRef = 043BF0ED27C8F07400F3377E /* UITextField+Extension.swift */; };
		043BF0F027C8F09B00F3377E /* PhotoDetailsTableViewCell.swift in Sources */ = {isa = PBXBuildFile; fileRef = 043BF0EF27C8F09B00F3377E /* PhotoDetailsTableViewCell.swift */; };
/* End PBXBuildFile section */

/* Begin PBXContainerItemProxy section */
		043BF0CB27C8EE6400F3377E /* PBXContainerItemProxy */ = {
			isa = PBXContainerItemProxy;
			containerPortal = 043BF0AC27C8EE6200F3377E /* Project object */;
			proxyType = 1;
			remoteGlobalIDString = 043BF0B327C8EE6200F3377E;
			remoteInfo = PhotoSearchGallary;
		};
		043BF0D527C8EE6400F3377E /* PBXContainerItemProxy */ = {
			isa = PBXContainerItemProxy;
			containerPortal = 043BF0AC27C8EE6200F3377E /* Project object */;
			proxyType = 1;
			remoteGlobalIDString = 043BF0B327C8EE6200F3377E;
			remoteInfo = PhotoSearchGallary;
		};
/* End PBXContainerItemProxy section */

/* Begin PBXFileReference section */
		043BF0B427C8EE6200F3377E /* PhotoSearchGallary.app */ = {isa = PBXFileReference; explicitFileType = wrapper.application; includeInIndex = 0; path = PhotoSearchGallary.app; sourceTree = BUILT_PRODUCTS_DIR; };
		043BF0B727C8EE6200F3377E /* AppDelegate.swift */ = {isa = PBXFileReference; lastKnownFileType = sourcecode.swift; path = AppDelegate.swift; sourceTree = "<group>"; };
		043BF0B927C8EE6200F3377E /* SceneDelegate.swift */ = {isa = PBXFileReference; lastKnownFileType = sourcecode.swift; path = SceneDelegate.swift; sourceTree = "<group>"; };
		043BF0BE27C8EE6200F3377E /* Base */ = {isa = PBXFileReference; lastKnownFileType = file.storyboard; name = Base; path = Base.lproj/Main.storyboard; sourceTree = "<group>"; };
		043BF0C027C8EE6400F3377E /* Assets.xcassets */ = {isa = PBXFileReference; lastKnownFileType = folder.assetcatalog; path = Assets.xcassets; sourceTree = "<group>"; };
		043BF0C327C8EE6400F3377E /* Base */ = {isa = PBXFileReference; lastKnownFileType = file.storyboard; name = Base; path = Base.lproj/LaunchScreen.storyboard; sourceTree = "<group>"; };
		043BF0C527C8EE6400F3377E /* Info.plist */ = {isa = PBXFileReference; lastKnownFileType = text.plist.xml; path = Info.plist; sourceTree = "<group>"; };
		043BF0CA27C8EE6400F3377E /* PhotoSearchGallaryTests.xctest */ = {isa = PBXFileReference; explicitFileType = wrapper.cfbundle; includeInIndex = 0; path = PhotoSearchGallaryTests.xctest; sourceTree = BUILT_PRODUCTS_DIR; };
		043BF0CE27C8EE6400F3377E /* PhotoSearchGallaryTests.swift */ = {isa = PBXFileReference; lastKnownFileType = sourcecode.swift; path = PhotoSearchGallaryTests.swift; sourceTree = "<group>"; };
		043BF0D427C8EE6400F3377E /* PhotoSearchGallaryUITests.xctest */ = {isa = PBXFileReference; explicitFileType = wrapper.cfbundle; includeInIndex = 0; path = PhotoSearchGallaryUITests.xctest; sourceTree = BUILT_PRODUCTS_DIR; };
		043BF0D827C8EE6400F3377E /* PhotoSearchGallaryUITests.swift */ = {isa = PBXFileReference; lastKnownFileType = sourcecode.swift; path = PhotoSearchGallaryUITests.swift; sourceTree = "<group>"; };
		043BF0DA27C8EE6400F3377E /* PhotoSearchGallaryUITestsLaunchTests.swift */ = {isa = PBXFileReference; lastKnownFileType = sourcecode.swift; path = PhotoSearchGallaryUITestsLaunchTests.swift; sourceTree = "<group>"; };
		043BF0EB27C8EF5F00F3377E /* PhotoSearchViewController.swift */ = {isa = PBXFileReference; lastKnownFileType = sourcecode.swift; path = PhotoSearchViewController.swift; sourceTree = "<group>"; };
		043BF0ED27C8F07400F3377E /* UITextField+Extension.swift */ = {isa = PBXFileReference; lastKnownFileType = sourcecode.swift; path = "UITextField+Extension.swift"; sourceTree = "<group>"; };
		043BF0EF27C8F09B00F3377E /* PhotoDetailsTableViewCell.swift */ = {isa = PBXFileReference; lastKnownFileType = sourcecode.swift; path = PhotoDetailsTableViewCell.swift; sourceTree = "<group>"; };
/* End PBXFileReference section */

/* Begin PBXFrameworksBuildPhase section */
		043BF0B127C8EE6200F3377E /* Frameworks */ = {
			isa = PBXFrameworksBuildPhase;
			buildActionMask = 2147483647;
			files = (
			);
			runOnlyForDeploymentPostprocessing = 0;
		};
		043BF0C727C8EE6400F3377E /* Frameworks */ = {
			isa = PBXFrameworksBuildPhase;
			buildActionMask = 2147483647;
			files = (
			);
			runOnlyForDeploymentPostprocessing = 0;
		};
		043BF0D127C8EE6400F3377E /* Frameworks */ = {
			isa = PBXFrameworksBuildPhase;
			buildActionMask = 2147483647;
			files = (
			);
			runOnlyForDeploymentPostprocessing = 0;
		};
/* End PBXFrameworksBuildPhase section */

/* Begin PBXGroup section */
		043BF0AB27C8EE6200F3377E = {
			isa = PBXGroup;
			children = (
				043BF0B627C8EE6200F3377E /* PhotoSearchGallary */,
				043BF0CD27C8EE6400F3377E /* PhotoSearchGallaryTests */,
				043BF0D727C8EE6400F3377E /* PhotoSearchGallaryUITests */,
				043BF0B527C8EE6200F3377E /* Products */,
			);
			sourceTree = "<group>";
		};
		043BF0B527C8EE6200F3377E /* Products */ = {
			isa = PBXGroup;
			children = (
				043BF0B427C8EE6200F3377E /* PhotoSearchGallary.app */,
				043BF0CA27C8EE6400F3377E /* PhotoSearchGallaryTests.xctest */,
				043BF0D427C8EE6400F3377E /* PhotoSearchGallaryUITests.xctest */,
			);
			name = Products;
			sourceTree = "<group>";
		};
		043BF0B627C8EE6200F3377E /* PhotoSearchGallary */ = {
			isa = PBXGroup;
			children = (
				043BF0EA27C8EF3300F3377E /* Service */,
				043BF0E927C8EF2C00F3377E /* Model */,
				043BF0E827C8EF2600F3377E /* ViewModel */,
				043BF0E727C8EF1F00F3377E /* View */,
				043BF0B727C8EE6200F3377E /* AppDelegate.swift */,
				043BF0B927C8EE6200F3377E /* SceneDelegate.swift */,
				043BF0BD27C8EE6200F3377E /* Main.storyboard */,
				043BF0C027C8EE6400F3377E /* Assets.xcassets */,
				043BF0C227C8EE6400F3377E /* LaunchScreen.storyboard */,
				043BF0C527C8EE6400F3377E /* Info.plist */,
			);
			path = PhotoSearchGallary;
			sourceTree = "<group>";
		};
		043BF0CD27C8EE6400F3377E /* PhotoSearchGallaryTests */ = {
			isa = PBXGroup;
			children = (
				043BF0CE27C8EE6400F3377E /* PhotoSearchGallaryTests.swift */,
			);
			path = PhotoSearchGallaryTests;
			sourceTree = "<group>";
		};
		043BF0D727C8EE6400F3377E /* PhotoSearchGallaryUITests */ = {
			isa = PBXGroup;
			children = (
				043BF0D827C8EE6400F3377E /* PhotoSearchGallaryUITests.swift */,
				043BF0DA27C8EE6400F3377E /* PhotoSearchGallaryUITestsLaunchTests.swift */,
			);
			path = PhotoSearchGallaryUITests;
			sourceTree = "<group>";
		};
		043BF0E727C8EF1F00F3377E /* View */ = {
			isa = PBXGroup;
			children = (
				043BF0EB27C8EF5F00F3377E /* PhotoSearchViewController.swift */,
				043BF0ED27C8F07400F3377E /* UITextField+Extension.swift */,
				043BF0EF27C8F09B00F3377E /* PhotoDetailsTableViewCell.swift */,
			);
			path = View;
			sourceTree = "<group>";
		};
		043BF0E827C8EF2600F3377E /* ViewModel */ = {
			isa = PBXGroup;
			children = (
			);
			path = ViewModel;
			sourceTree = "<group>";
		};
		043BF0E927C8EF2C00F3377E /* Model */ = {
			isa = PBXGroup;
			children = (
			);
			path = Model;
			sourceTree = "<group>";
		};
		043BF0EA27C8EF3300F3377E /* Service */ = {
			isa = PBXGroup;
			children = (
			);
			path = Service;
			sourceTree = "<group>";
		};
/* End PBXGroup section */

/* Begin PBXNativeTarget section */
		043BF0B327C8EE6200F3377E /* PhotoSearchGallary */ = {
			isa = PBXNativeTarget;
			buildConfigurationList = 043BF0DE27C8EE6400F3377E /* Build configuration list for PBXNativeTarget "PhotoSearchGallary" */;
			buildPhases = (
				043BF0B027C8EE6200F3377E /* Sources */,
				043BF0B127C8EE6200F3377E /* Frameworks */,
				043BF0B227C8EE6200F3377E /* Resources */,
			);
			buildRules = (
			);
			dependencies = (
			);
			name = PhotoSearchGallary;
			productName = PhotoSearchGallary;
			productReference = 043BF0B427C8EE6200F3377E /* PhotoSearchGallary.app */;
			productType = "com.apple.product-type.application";
		};
		043BF0C927C8EE6400F3377E /* PhotoSearchGallaryTests */ = {
			isa = PBXNativeTarget;
			buildConfigurationList = 043BF0E127C8EE6400F3377E /* Build configuration list for PBXNativeTarget "PhotoSearchGallaryTests" */;
			buildPhases = (
				043BF0C627C8EE6400F3377E /* Sources */,
				043BF0C727C8EE6400F3377E /* Frameworks */,
				043BF0C827C8EE6400F3377E /* Resources */,
			);
			buildRules = (
			);
			dependencies = (
				043BF0CC27C8EE6400F3377E /* PBXTargetDependency */,
			);
			name = PhotoSearchGallaryTests;
			productName = PhotoSearchGallaryTests;
			productReference = 043BF0CA27C8EE6400F3377E /* PhotoSearchGallaryTests.xctest */;
			productType = "com.apple.product-type.bundle.unit-test";
		};
		043BF0D327C8EE6400F3377E /* PhotoSearchGallaryUITests */ = {
			isa = PBXNativeTarget;
			buildConfigurationList = 043BF0E427C8EE6400F3377E /* Build configuration list for PBXNativeTarget "PhotoSearchGallaryUITests" */;
			buildPhases = (
				043BF0D027C8EE6400F3377E /* Sources */,
				043BF0D127C8EE6400F3377E /* Frameworks */,
				043BF0D227C8EE6400F3377E /* Resources */,
			);
			buildRules = (
			);
			dependencies = (
				043BF0D627C8EE6400F3377E /* PBXTargetDependency */,
			);
			name = PhotoSearchGallaryUITests;
			productName = PhotoSearchGallaryUITests;
			productReference = 043BF0D427C8EE6400F3377E /* PhotoSearchGallaryUITests.xctest */;
			productType = "com.apple.product-type.bundle.ui-testing";
		};
/* End PBXNativeTarget section */

/* Begin PBXProject section */
		043BF0AC27C8EE6200F3377E /* Project object */ = {
			isa = PBXProject;
			attributes = {
				BuildIndependentTargetsInParallel = 1;
				LastSwiftUpdateCheck = 1310;
				LastUpgradeCheck = 1310;
				TargetAttributes = {
					043BF0B327C8EE6200F3377E = {
						CreatedOnToolsVersion = 13.1;
					};
					043BF0C927C8EE6400F3377E = {
						CreatedOnToolsVersion = 13.1;
						TestTargetID = 043BF0B327C8EE6200F3377E;
					};
					043BF0D327C8EE6400F3377E = {
						CreatedOnToolsVersion = 13.1;
						TestTargetID = 043BF0B327C8EE6200F3377E;
					};
				};
			};
			buildConfigurationList = 043BF0AF27C8EE6200F3377E /* Build configuration list for PBXProject "PhotoSearchGallary" */;
			compatibilityVersion = "Xcode 13.0";
			developmentRegion = en;
			hasScannedForEncodings = 0;
			knownRegions = (
				en,
				Base,
			);
			mainGroup = 043BF0AB27C8EE6200F3377E;
			productRefGroup = 043BF0B527C8EE6200F3377E /* Products */;
			projectDirPath = "";
			projectRoot = "";
			targets = (
				043BF0B327C8EE6200F3377E /* PhotoSearchGallary */,
				043BF0C927C8EE6400F3377E /* PhotoSearchGallaryTests */,
				043BF0D327C8EE6400F3377E /* PhotoSearchGallaryUITests */,
			);
		};
/* End PBXProject section */

/* Begin PBXResourcesBuildPhase section */
		043BF0B227C8EE6200F3377E /* Resources */ = {
			isa = PBXResourcesBuildPhase;
			buildActionMask = 2147483647;
			files = (
				043BF0C427C8EE6400F3377E /* LaunchScreen.storyboard in Resources */,
				043BF0C127C8EE6400F3377E /* Assets.xcassets in Resources */,
				043BF0BF27C8EE6200F3377E /* Main.storyboard in Resources */,
			);
			runOnlyForDeploymentPostprocessing = 0;
		};
		043BF0C827C8EE6400F3377E /* Resources */ = {
			isa = PBXResourcesBuildPhase;
			buildActionMask = 2147483647;
			files = (
			);
			runOnlyForDeploymentPostprocessing = 0;
		};
		043BF0D227C8EE6400F3377E /* Resources */ = {
			isa = PBXResourcesBuildPhase;
			buildActionMask = 2147483647;
			files = (
			);
			runOnlyForDeploymentPostprocessing = 0;
		};
/* End PBXResourcesBuildPhase section */

/* Begin PBXSourcesBuildPhase section */
		043BF0B027C8EE6200F3377E /* Sources */ = {
			isa = PBXSourcesBuildPhase;
			buildActionMask = 2147483647;
			files = (
				043BF0F027C8F09B00F3377E /* PhotoDetailsTableViewCell.swift in Sources */,
				043BF0EC27C8EF5F00F3377E /* PhotoSearchViewController.swift in Sources */,
				043BF0EE27C8F07400F3377E /* UITextField+Extension.swift in Sources */,
				043BF0B827C8EE6200F3377E /* AppDelegate.swift in Sources */,
				043BF0BA27C8EE6200F3377E /* SceneDelegate.swift in Sources */,
			);
			runOnlyForDeploymentPostprocessing = 0;
		};
		043BF0C627C8EE6400F3377E /* Sources */ = {
			isa = PBXSourcesBuildPhase;
			buildActionMask = 2147483647;
			files = (
				043BF0CF27C8EE6400F3377E /* PhotoSearchGallaryTests.swift in Sources */,
			);
			runOnlyForDeploymentPostprocessing = 0;
		};
		043BF0D027C8EE6400F3377E /* Sources */ = {
			isa = PBXSourcesBuildPhase;
			buildActionMask = 2147483647;
			files = (
				043BF0DB27C8EE6400F3377E /* PhotoSearchGallaryUITestsLaunchTests.swift in Sources */,
				043BF0D927C8EE6400F3377E /* PhotoSearchGallaryUITests.swift in Sources */,
			);
			runOnlyForDeploymentPostprocessing = 0;
		};
/* End PBXSourcesBuildPhase section */

/* Begin PBXTargetDependency section */
		043BF0CC27C8EE6400F3377E /* PBXTargetDependency */ = {
			isa = PBXTargetDependency;
			target = 043BF0B327C8EE6200F3377E /* PhotoSearchGallary */;
			targetProxy = 043BF0CB27C8EE6400F3377E /* PBXContainerItemProxy */;
		};
		043BF0D627C8EE6400F3377E /* PBXTargetDependency */ = {
			isa = PBXTargetDependency;
			target = 043BF0B327C8EE6200F3377E /* PhotoSearchGallary */;
			targetProxy = 043BF0D527C8EE6400F3377E /* PBXContainerItemProxy */;
		};
/* End PBXTargetDependency section */

/* Begin PBXVariantGroup section */
		043BF0BD27C8EE6200F3377E /* Main.storyboard */ = {
			isa = PBXVariantGroup;
			children = (
				043BF0BE27C8EE6200F3377E /* Base */,
			);
			name = Main.storyboard;
			sourceTree = "<group>";
		};
		043BF0C227C8EE6400F3377E /* LaunchScreen.storyboard */ = {
			isa = PBXVariantGroup;
			children = (
				043BF0C327C8EE6400F3377E /* Base */,
			);
			name = LaunchScreen.storyboard;
			sourceTree = "<group>";
		};
/* End PBXVariantGroup section */

/* Begin XCBuildConfiguration section */
		043BF0DC27C8EE6400F3377E /* Debug */ = {
			isa = XCBuildConfiguration;
			buildSettings = {
				ALWAYS_SEARCH_USER_PATHS = NO;
				CLANG_ANALYZER_NONNULL = YES;
				CLANG_ANALYZER_NUMBER_OBJECT_CONVERSION = YES_AGGRESSIVE;
				CLANG_CXX_LANGUAGE_STANDARD = "gnu++17";
				CLANG_CXX_LIBRARY = "libc++";
				CLANG_ENABLE_MODULES = YES;
				CLANG_ENABLE_OBJC_ARC = YES;
				CLANG_ENABLE_OBJC_WEAK = YES;
				CLANG_WARN_BLOCK_CAPTURE_AUTORELEASING = YES;
				CLANG_WARN_BOOL_CONVERSION = YES;
				CLANG_WARN_COMMA = YES;
				CLANG_WARN_CONSTANT_CONVERSION = YES;
				CLANG_WARN_DEPRECATED_OBJC_IMPLEMENTATIONS = YES;
				CLANG_WARN_DIRECT_OBJC_ISA_USAGE = YES_ERROR;
				CLANG_WARN_DOCUMENTATION_COMMENTS = YES;
				CLANG_WARN_EMPTY_BODY = YES;
				CLANG_WARN_ENUM_CONVERSION = YES;
				CLANG_WARN_INFINITE_RECURSION = YES;
				CLANG_WARN_INT_CONVERSION = YES;
				CLANG_WARN_NON_LITERAL_NULL_CONVERSION = YES;
				CLANG_WARN_OBJC_IMPLICIT_RETAIN_SELF = YES;
				CLANG_WARN_OBJC_LITERAL_CONVERSION = YES;
				CLANG_WARN_OBJC_ROOT_CLASS = YES_ERROR;
				CLANG_WARN_QUOTED_INCLUDE_IN_FRAMEWORK_HEADER = YES;
				CLANG_WARN_RANGE_LOOP_ANALYSIS = YES;
				CLANG_WARN_STRICT_PROTOTYPES = YES;
				CLANG_WARN_SUSPICIOUS_MOVE = YES;
				CLANG_WARN_UNGUARDED_AVAILABILITY = YES_AGGRESSIVE;
				CLANG_WARN_UNREACHABLE_CODE = YES;
				CLANG_WARN__DUPLICATE_METHOD_MATCH = YES;
				COPY_PHASE_STRIP = NO;
				DEBUG_INFORMATION_FORMAT = dwarf;
				ENABLE_STRICT_OBJC_MSGSEND = YES;
				ENABLE_TESTABILITY = YES;
				GCC_C_LANGUAGE_STANDARD = gnu11;
				GCC_DYNAMIC_NO_PIC = NO;
				GCC_NO_COMMON_BLOCKS = YES;
				GCC_OPTIMIZATION_LEVEL = 0;
				GCC_PREPROCESSOR_DEFINITIONS = (
					"DEBUG=1",
					"$(inherited)",
				);
				GCC_WARN_64_TO_32_BIT_CONVERSION = YES;
				GCC_WARN_ABOUT_RETURN_TYPE = YES_ERROR;
				GCC_WARN_UNDECLARED_SELECTOR = YES;
				GCC_WARN_UNINITIALIZED_AUTOS = YES_AGGRESSIVE;
				GCC_WARN_UNUSED_FUNCTION = YES;
				GCC_WARN_UNUSED_VARIABLE = YES;
				IPHONEOS_DEPLOYMENT_TARGET = 15.0;
				MTL_ENABLE_DEBUG_INFO = INCLUDE_SOURCE;
				MTL_FAST_MATH = YES;
				ONLY_ACTIVE_ARCH = YES;
				SDKROOT = iphoneos;
				SWIFT_ACTIVE_COMPILATION_CONDITIONS = DEBUG;
				SWIFT_OPTIMIZATION_LEVEL = "-Onone";
			};
			name = Debug;
		};
		043BF0DD27C8EE6400F3377E /* Release */ = {
			isa = XCBuildConfiguration;
			buildSettings = {
				ALWAYS_SEARCH_USER_PATHS = NO;
				CLANG_ANALYZER_NONNULL = YES;
				CLANG_ANALYZER_NUMBER_OBJECT_CONVERSION = YES_AGGRESSIVE;
				CLANG_CXX_LANGUAGE_STANDARD = "gnu++17";
				CLANG_CXX_LIBRARY = "libc++";
				CLANG_ENABLE_MODULES = YES;
				CLANG_ENABLE_OBJC_ARC = YES;
				CLANG_ENABLE_OBJC_WEAK = YES;
				CLANG_WARN_BLOCK_CAPTURE_AUTORELEASING = YES;
				CLANG_WARN_BOOL_CONVERSION = YES;
				CLANG_WARN_COMMA = YES;
				CLANG_WARN_CONSTANT_CONVERSION = YES;
				CLANG_WARN_DEPRECATED_OBJC_IMPLEMENTATIONS = YES;
				CLANG_WARN_DIRECT_OBJC_ISA_USAGE = YES_ERROR;
				CLANG_WARN_DOCUMENTATION_COMMENTS = YES;
				CLANG_WARN_EMPTY_BODY = YES;
				CLANG_WARN_ENUM_CONVERSION = YES;
				CLANG_WARN_INFINITE_RECURSION = YES;
				CLANG_WARN_INT_CONVERSION = YES;
				CLANG_WARN_NON_LITERAL_NULL_CONVERSION = YES;
				CLANG_WARN_OBJC_IMPLICIT_RETAIN_SELF = YES;
				CLANG_WARN_OBJC_LITERAL_CONVERSION = YES;
				CLANG_WARN_OBJC_ROOT_CLASS = YES_ERROR;
				CLANG_WARN_QUOTED_INCLUDE_IN_FRAMEWORK_HEADER = YES;
				CLANG_WARN_RANGE_LOOP_ANALYSIS = YES;
				CLANG_WARN_STRICT_PROTOTYPES = YES;
				CLANG_WARN_SUSPICIOUS_MOVE = YES;
				CLANG_WARN_UNGUARDED_AVAILABILITY = YES_AGGRESSIVE;
				CLANG_WARN_UNREACHABLE_CODE = YES;
				CLANG_WARN__DUPLICATE_METHOD_MATCH = YES;
				COPY_PHASE_STRIP = NO;
				DEBUG_INFORMATION_FORMAT = "dwarf-with-dsym";
				ENABLE_NS_ASSERTIONS = NO;
				ENABLE_STRICT_OBJC_MSGSEND = YES;
				GCC_C_LANGUAGE_STANDARD = gnu11;
				GCC_NO_COMMON_BLOCKS = YES;
				GCC_WARN_64_TO_32_BIT_CONVERSION = YES;
				GCC_WARN_ABOUT_RETURN_TYPE = YES_ERROR;
				GCC_WARN_UNDECLARED_SELECTOR = YES;
				GCC_WARN_UNINITIALIZED_AUTOS = YES_AGGRESSIVE;
				GCC_WARN_UNUSED_FUNCTION = YES;
				GCC_WARN_UNUSED_VARIABLE = YES;
				IPHONEOS_DEPLOYMENT_TARGET = 15.0;
				MTL_ENABLE_DEBUG_INFO = NO;
				MTL_FAST_MATH = YES;
				SDKROOT = iphoneos;
				SWIFT_COMPILATION_MODE = wholemodule;
				SWIFT_OPTIMIZATION_LEVEL = "-O";
				VALIDATE_PRODUCT = YES;
			};
			name = Release;
		};
		043BF0DF27C8EE6400F3377E /* Debug */ = {
			isa = XCBuildConfiguration;
			buildSettings = {
				ASSETCATALOG_COMPILER_APPICON_NAME = AppIcon;
				ASSETCATALOG_COMPILER_GLOBAL_ACCENT_COLOR_NAME = AccentColor;
				CODE_SIGN_STYLE = Automatic;
				CURRENT_PROJECT_VERSION = 1;
				GENERATE_INFOPLIST_FILE = YES;
				INFOPLIST_FILE = PhotoSearchGallary/Info.plist;
				INFOPLIST_KEY_UIApplicationSupportsIndirectInputEvents = YES;
				INFOPLIST_KEY_UILaunchStoryboardName = LaunchScreen;
				INFOPLIST_KEY_UIMainStoryboardFile = Main;
				INFOPLIST_KEY_UISupportedInterfaceOrientations_iPad = "UIInterfaceOrientationPortrait UIInterfaceOrientationPortraitUpsideDown UIInterfaceOrientationLandscapeLeft UIInterfaceOrientationLandscapeRight";
				INFOPLIST_KEY_UISupportedInterfaceOrientations_iPhone = "UIInterfaceOrientationPortrait UIInterfaceOrientationLandscapeLeft UIInterfaceOrientationLandscapeRight";
				LD_RUNPATH_SEARCH_PATHS = (
					"$(inherited)",
					"@executable_path/Frameworks",
				);
				MARKETING_VERSION = 1.0;
				PRODUCT_BUNDLE_IDENTIFIER = com.it.geetha.PhotoSearchGallary;
				PRODUCT_NAME = "$(TARGET_NAME)";
				SWIFT_EMIT_LOC_STRINGS = YES;
				SWIFT_VERSION = 5.0;
				TARGETED_DEVICE_FAMILY = "1,2";
			};
			name = Debug;
		};
		043BF0E027C8EE6400F3377E /* Release */ = {
			isa = XCBuildConfiguration;
			buildSettings = {
				ASSETCATALOG_COMPILER_APPICON_NAME = AppIcon;
				ASSETCATALOG_COMPILER_GLOBAL_ACCENT_COLOR_NAME = AccentColor;
				CODE_SIGN_STYLE = Automatic;
				CURRENT_PROJECT_VERSION = 1;
				GENERATE_INFOPLIST_FILE = YES;
				INFOPLIST_FILE = PhotoSearchGallary/Info.plist;
				INFOPLIST_KEY_UIApplicationSupportsIndirectInputEvents = YES;
				INFOPLIST_KEY_UILaunchStoryboardName = LaunchScreen;
				INFOPLIST_KEY_UIMainStoryboardFile = Main;
				INFOPLIST_KEY_UISupportedInterfaceOrientations_iPad = "UIInterfaceOrientationPortrait UIInterfaceOrientationPortraitUpsideDown UIInterfaceOrientationLandscapeLeft UIInterfaceOrientationLandscapeRight";
				INFOPLIST_KEY_UISupportedInterfaceOrientations_iPhone = "UIInterfaceOrientationPortrait UIInterfaceOrientationLandscapeLeft UIInterfaceOrientationLandscapeRight";
				LD_RUNPATH_SEARCH_PATHS = (
					"$(inherited)",
					"@executable_path/Frameworks",
				);
				MARKETING_VERSION = 1.0;
				PRODUCT_BUNDLE_IDENTIFIER = com.it.geetha.PhotoSearchGallary;
				PRODUCT_NAME = "$(TARGET_NAME)";
				SWIFT_EMIT_LOC_STRINGS = YES;
				SWIFT_VERSION = 5.0;
				TARGETED_DEVICE_FAMILY = "1,2";
			};
			name = Release;
		};
		043BF0E227C8EE6400F3377E /* Debug */ = {
			isa = XCBuildConfiguration;
			buildSettings = {
				ALWAYS_EMBED_SWIFT_STANDARD_LIBRARIES = YES;
				BUNDLE_LOADER = "$(TEST_HOST)";
				CODE_SIGN_STYLE = Automatic;
				CURRENT_PROJECT_VERSION = 1;
				GENERATE_INFOPLIST_FILE = YES;
				IPHONEOS_DEPLOYMENT_TARGET = 15.0;
				LD_RUNPATH_SEARCH_PATHS = (
					"$(inherited)",
					"@executable_path/Frameworks",
					"@loader_path/Frameworks",
				);
				MARKETING_VERSION = 1.0;
				PRODUCT_BUNDLE_IDENTIFIER = com.it.geetha.PhotoSearchGallaryTests;
				PRODUCT_NAME = "$(TARGET_NAME)";
				SWIFT_EMIT_LOC_STRINGS = NO;
				SWIFT_VERSION = 5.0;
				TARGETED_DEVICE_FAMILY = "1,2";
				TEST_HOST = "$(BUILT_PRODUCTS_DIR)/PhotoSearchGallary.app/PhotoSearchGallary";
			};
			name = Debug;
		};
		043BF0E327C8EE6400F3377E /* Release */ = {
			isa = XCBuildConfiguration;
			buildSettings = {
				ALWAYS_EMBED_SWIFT_STANDARD_LIBRARIES = YES;
				BUNDLE_LOADER = "$(TEST_HOST)";
				CODE_SIGN_STYLE = Automatic;
				CURRENT_PROJECT_VERSION = 1;
				GENERATE_INFOPLIST_FILE = YES;
				IPHONEOS_DEPLOYMENT_TARGET = 15.0;
				LD_RUNPATH_SEARCH_PATHS = (
					"$(inherited)",
					"@executable_path/Frameworks",
					"@loader_path/Frameworks",
				);
				MARKETING_VERSION = 1.0;
				PRODUCT_BUNDLE_IDENTIFIER = com.it.geetha.PhotoSearchGallaryTests;
				PRODUCT_NAME = "$(TARGET_NAME)";
				SWIFT_EMIT_LOC_STRINGS = NO;
				SWIFT_VERSION = 5.0;
				TARGETED_DEVICE_FAMILY = "1,2";
				TEST_HOST = "$(BUILT_PRODUCTS_DIR)/PhotoSearchGallary.app/PhotoSearchGallary";
			};
			name = Release;
		};
		043BF0E527C8EE6400F3377E /* Debug */ = {
			isa = XCBuildConfiguration;
			buildSettings = {
				ALWAYS_EMBED_SWIFT_STANDARD_LIBRARIES = YES;
				CODE_SIGN_STYLE = Automatic;
				CURRENT_PROJECT_VERSION = 1;
				GENERATE_INFOPLIST_FILE = YES;
				LD_RUNPATH_SEARCH_PATHS = (
					"$(inherited)",
					"@executable_path/Frameworks",
					"@loader_path/Frameworks",
				);
				MARKETING_VERSION = 1.0;
				PRODUCT_BUNDLE_IDENTIFIER = com.it.geetha.PhotoSearchGallaryUITests;
				PRODUCT_NAME = "$(TARGET_NAME)";
				SWIFT_EMIT_LOC_STRINGS = NO;
				SWIFT_VERSION = 5.0;
				TARGETED_DEVICE_FAMILY = "1,2";
				TEST_TARGET_NAME = PhotoSearchGallary;
			};
			name = Debug;
		};
		043BF0E627C8EE6400F3377E /* Release */ = {
			isa = XCBuildConfiguration;
			buildSettings = {
				ALWAYS_EMBED_SWIFT_STANDARD_LIBRARIES = YES;
				CODE_SIGN_STYLE = Automatic;
				CURRENT_PROJECT_VERSION = 1;
				GENERATE_INFOPLIST_FILE = YES;
				LD_RUNPATH_SEARCH_PATHS = (
					"$(inherited)",
					"@executable_path/Frameworks",
					"@loader_path/Frameworks",
				);
				MARKETING_VERSION = 1.0;
				PRODUCT_BUNDLE_IDENTIFIER = com.it.geetha.PhotoSearchGallaryUITests;
				PRODUCT_NAME = "$(TARGET_NAME)";
				SWIFT_EMIT_LOC_STRINGS = NO;
				SWIFT_VERSION = 5.0;
				TARGETED_DEVICE_FAMILY = "1,2";
				TEST_TARGET_NAME = PhotoSearchGallary;
			};
			name = Release;
		};
/* End XCBuildConfiguration section */

/* Begin XCConfigurationList section */
		043BF0AF27C8EE6200F3377E /* Build configuration list for PBXProject "PhotoSearchGallary" */ = {
			isa = XCConfigurationList;
			buildConfigurations = (
				043BF0DC27C8EE6400F3377E /* Debug */,
				043BF0DD27C8EE6400F3377E /* Release */,
			);
			defaultConfigurationIsVisible = 0;
			defaultConfigurationName = Release;
		};
		043BF0DE27C8EE6400F3377E /* Build configuration list for PBXNativeTarget "PhotoSearchGallary" */ = {
			isa = XCConfigurationList;
			buildConfigurations = (
				043BF0DF27C8EE6400F3377E /* Debug */,
				043BF0E027C8EE6400F3377E /* Release */,
			);
			defaultConfigurationIsVisible = 0;
			defaultConfigurationName = Release;
		};
		043BF0E127C8EE6400F3377E /* Build configuration list for PBXNativeTarget "PhotoSearchGallaryTests" */ = {
			isa = XCConfigurationList;
			buildConfigurations = (
				043BF0E227C8EE6400F3377E /* Debug */,
				043BF0E327C8EE6400F3377E /* Release */,
			);
			defaultConfigurationIsVisible = 0;
			defaultConfigurationName = Release;
		};
		043BF0E427C8EE6400F3377E /* Build configuration list for PBXNativeTarget "PhotoSearchGallaryUITests" */ = {
			isa = XCConfigurationList;
			buildConfigurations = (
				043BF0E527C8EE6400F3377E /* Debug */,
				043BF0E627C8EE6400F3377E /* Release */,
			);
			defaultConfigurationIsVisible = 0;
			defaultConfigurationName = Release;
		};
/* End XCConfigurationList section */
	};
	rootObject = 043BF0AC27C8EE6200F3377E /* Project object */;
}
